
Microsoft Visual Studio Solution File, Format Version 12.00
# Visual Studio 2012
Project("{FAE04EC0-301F-11D3-BF4B-00C04F79EFBC}") = "weather-processor", "weather-processor\weather-processor.csproj", "{99DFDFE2-652D-4906-97A4-32346B962172}"
EndProject
Global
	GlobalSection(SolutionConfigurationPlatforms) = preSolution
		Debug|Any CPU = Debug|Any CPU
		Release|Any CPU = Release|Any CPU
	EndGlobalSection
	GlobalSection(ProjectConfigurationPlatforms) = postSolution
		{99DFDFE2-652D-4906-97A4-32346B962172}.Debug|Any CPU.ActiveCfg = Debug|Any CPU
		{99DFDFE2-652D-4906-97A4-32346B962172}.Debug|Any CPU.Build.0 = Debug|Any CPU
		{99DFDFE2-652D-4906-97A4-32346B962172}.Release|Any CPU.ActiveCfg = Release|Any CPU
		{99DFDFE2-652D-4906-97A4-32346B962172}.Release|Any CPU.Build.0 = Release|Any CPU
	EndGlobalSection
EndGlobal
